// !$*UTF8*$!
{
	archiveVersion = 1;
	classes = {
	};
	objectVersion = 50;
	objects = {

/* Begin PBXBuildFile section */
		FC808963265D7E7200CDA388 /* CardsApp.swift in Sources */ = {isa = PBXBuildFile; fileRef = FC808962265D7E7200CDA388 /* CardsApp.swift */; };
		FC808965265D7E7200CDA388 /* ContentView.swift in Sources */ = {isa = PBXBuildFile; fileRef = FC808964265D7E7200CDA388 /* ContentView.swift */; };
		FC808967265D7E7300CDA388 /* Assets.xcassets in Resources */ = {isa = PBXBuildFile; fileRef = FC808966265D7E7300CDA388 /* Assets.xcassets */; };
		FC80896A265D7E7300CDA388 /* Preview Assets.xcassets in Resources */ = {isa = PBXBuildFile; fileRef = FC808969265D7E7300CDA388 /* Preview Assets.xcassets */; };
		FC808975265D7E7300CDA388 /* CardsTests.swift in Sources */ = {isa = PBXBuildFile; fileRef = FC808974265D7E7300CDA388 /* CardsTests.swift */; };
		FC808980265D7E7300CDA388 /* CardsUITests.swift in Sources */ = {isa = PBXBuildFile; fileRef = FC80897F265D7E7300CDA388 /* CardsUITests.swift */; };
/* End PBXBuildFile section */

/* Begin PBXContainerItemProxy section */
		FC808971265D7E7300CDA388 /* PBXContainerItemProxy */ = {
			isa = PBXContainerItemProxy;
			containerPortal = FC808957265D7E7200CDA388 /* Project object */;
			proxyType = 1;
			remoteGlobalIDString = FC80895E265D7E7200CDA388;
			remoteInfo = Cards;
		};
		FC80897C265D7E7300CDA388 /* PBXContainerItemProxy */ = {
			isa = PBXContainerItemProxy;
			containerPortal = FC808957265D7E7200CDA388 /* Project object */;
			proxyType = 1;
			remoteGlobalIDString = FC80895E265D7E7200CDA388;
			remoteInfo = Cards;
		};
/* End PBXContainerItemProxy section */

/* Begin PBXFileReference section */
		FC80895F265D7E7200CDA388 /* Cards.app */ = {isa = PBXFileReference; explicitFileType = wrapper.application; includeInIndex = 0; path = Cards.app; sourceTree = BUILT_PRODUCTS_DIR; };
		FC808962265D7E7200CDA388 /* CardsApp.swift */ = {isa = PBXFileReference; lastKnownFileType = sourcecode.swift; path = CardsApp.swift; sourceTree = "<group>"; };
		FC808964265D7E7200CDA388 /* ContentView.swift */ = {isa = PBXFileReference; lastKnownFileType = sourcecode.swift; path = ContentView.swift; sourceTree = "<group>"; };
		FC808966265D7E7300CDA388 /* Assets.xcassets */ = {isa = PBXFileReference; lastKnownFileType = folder.assetcatalog; path = Assets.xcassets; sourceTree = "<group>"; };
		FC808969265D7E7300CDA388 /* Preview Assets.xcassets */ = {isa = PBXFileReference; lastKnownFileType = folder.assetcatalog; path = "Preview Assets.xcassets"; sourceTree = "<group>"; };
		FC80896B265D7E7300CDA388 /* Info.plist */ = {isa = PBXFileReference; lastKnownFileType = text.plist.xml; path = Info.plist; sourceTree = "<group>"; };
		FC808970265D7E7300CDA388 /* CardsTests.xctest */ = {isa = PBXFileReference; explicitFileType = wrapper.cfbundle; includeInIndex = 0; path = CardsTests.xctest; sourceTree = BUILT_PRODUCTS_DIR; };
		FC808974265D7E7300CDA388 /* CardsTests.swift */ = {isa = PBXFileReference; lastKnownFileType = sourcecode.swift; path = CardsTests.swift; sourceTree = "<group>"; };
		FC808976265D7E7300CDA388 /* Info.plist */ = {isa = PBXFileReference; lastKnownFileType = text.plist.xml; path = Info.plist; sourceTree = "<group>"; };
		FC80897B265D7E7300CDA388 /* CardsUITests.xctest */ = {isa = PBXFileReference; explicitFileType = wrapper.cfbundle; includeInIndex = 0; path = CardsUITests.xctest; sourceTree = BUILT_PRODUCTS_DIR; };
		FC80897F265D7E7300CDA388 /* CardsUITests.swift */ = {isa = PBXFileReference; lastKnownFileType = sourcecode.swift; path = CardsUITests.swift; sourceTree = "<group>"; };
		FC808981265D7E7300CDA388 /* Info.plist */ = {isa = PBXFileReference; lastKnownFileType = text.plist.xml; path = Info.plist; sourceTree = "<group>"; };
/* End PBXFileReference section */

/* Begin PBXFrameworksBuildPhase section */
		FC80895C265D7E7200CDA388 /* Frameworks */ = {
			isa = PBXFrameworksBuildPhase;
			buildActionMask = 2147483647;
			files = (
			);
			runOnlyForDeploymentPostprocessing = 0;
		};
		FC80896D265D7E7300CDA388 /* Frameworks */ = {
			isa = PBXFrameworksBuildPhase;
			buildActionMask = 2147483647;
			files = (
			);
			runOnlyForDeploymentPostprocessing = 0;
		};
		FC808978265D7E7300CDA388 /* Frameworks */ = {
			isa = PBXFrameworksBuildPhase;
			buildActionMask = 2147483647;
			files = (
			);
			runOnlyForDeploymentPostprocessing = 0;
		};
/* End PBXFrameworksBuildPhase section */

/* Begin PBXGroup section */
		FC808956265D7E7200CDA388 = {
			isa = PBXGroup;
			children = (
				FC808961265D7E7200CDA388 /* Cards */,
				FC808973265D7E7300CDA388 /* CardsTests */,
				FC80897E265D7E7300CDA388 /* CardsUITests */,
				FC808960265D7E7200CDA388 /* Products */,
			);
			sourceTree = "<group>";
		};
		FC808960265D7E7200CDA388 /* Products */ = {
			isa = PBXGroup;
			children = (
				FC80895F265D7E7200CDA388 /* Cards.app */,
				FC808970265D7E7300CDA388 /* CardsTests.xctest */,
				FC80897B265D7E7300CDA388 /* CardsUITests.xctest */,
			);
			name = Products;
			sourceTree = "<group>";
		};
		FC808961265D7E7200CDA388 /* Cards */ = {
			isa = PBXGroup;
			children = (
				FC808962265D7E7200CDA388 /* CardsApp.swift */,
				FC808964265D7E7200CDA388 /* ContentView.swift */,
				FC808966265D7E7300CDA388 /* Assets.xcassets */,
				FC80896B265D7E7300CDA388 /* Info.plist */,
				FC808968265D7E7300CDA388 /* Preview Content */,
			);
			path = Cards;
			sourceTree = "<group>";
		};
		FC808968265D7E7300CDA388 /* Preview Content */ = {
			isa = PBXGroup;
			children = (
				FC808969265D7E7300CDA388 /* Preview Assets.xcassets */,
			);
			path = "Preview Content";
			sourceTree = "<group>";
		};
		FC808973265D7E7300CDA388 /* CardsTests */ = {
			isa = PBXGroup;
			children = (
				FC808974265D7E7300CDA388 /* CardsTests.swift */,
				FC808976265D7E7300CDA388 /* Info.plist */,
			);
			path = CardsTests;
			sourceTree = "<group>";
		};
		FC80897E265D7E7300CDA388 /* CardsUITests */ = {
			isa = PBXGroup;
			children = (
				FC80897F265D7E7300CDA388 /* CardsUITests.swift */,
				FC808981265D7E7300CDA388 /* Info.plist */,
			);
			path = CardsUITests;
			sourceTree = "<group>";
		};
/* End PBXGroup section */

/* Begin PBXNativeTarget section */
		FC80895E265D7E7200CDA388 /* Cards */ = {
			isa = PBXNativeTarget;
			buildConfigurationList = FC808984265D7E7300CDA388 /* Build configuration list for PBXNativeTarget "Cards" */;
			buildPhases = (
				FC80895B265D7E7200CDA388 /* Sources */,
				FC80895C265D7E7200CDA388 /* Frameworks */,
				FC80895D265D7E7200CDA388 /* Resources */,
			);
			buildRules = (
			);
			dependencies = (
			);
			name = Cards;
			productName = Cards;
			productReference = FC80895F265D7E7200CDA388 /* Cards.app */;
			productType = "com.apple.product-type.application";
		};
		FC80896F265D7E7300CDA388 /* CardsTests */ = {
			isa = PBXNativeTarget;
			buildConfigurationList = FC808987265D7E7300CDA388 /* Build configuration list for PBXNativeTarget "CardsTests" */;
			buildPhases = (
				FC80896C265D7E7300CDA388 /* Sources */,
				FC80896D265D7E7300CDA388 /* Frameworks */,
				FC80896E265D7E7300CDA388 /* Resources */,
			);
			buildRules = (
			);
			dependencies = (
				FC808972265D7E7300CDA388 /* PBXTargetDependency */,
			);
			name = CardsTests;
			productName = CardsTests;
			productReference = FC808970265D7E7300CDA388 /* CardsTests.xctest */;
			productType = "com.apple.product-type.bundle.unit-test";
		};
		FC80897A265D7E7300CDA388 /* CardsUITests */ = {
			isa = PBXNativeTarget;
			buildConfigurationList = FC80898A265D7E7300CDA388 /* Build configuration list for PBXNativeTarget "CardsUITests" */;
			buildPhases = (
				FC808977265D7E7300CDA388 /* Sources */,
				FC808978265D7E7300CDA388 /* Frameworks */,
				FC808979265D7E7300CDA388 /* Resources */,
			);
			buildRules = (
			);
			dependencies = (
				FC80897D265D7E7300CDA388 /* PBXTargetDependency */,
			);
			name = CardsUITests;
			productName = CardsUITests;
			productReference = FC80897B265D7E7300CDA388 /* CardsUITests.xctest */;
			productType = "com.apple.product-type.bundle.ui-testing";
		};
/* End PBXNativeTarget section */

/* Begin PBXProject section */
		FC808957265D7E7200CDA388 /* Project object */ = {
			isa = PBXProject;
			attributes = {
				LastSwiftUpdateCheck = 1250;
				LastUpgradeCheck = 1250;
				TargetAttributes = {
					FC80895E265D7E7200CDA388 = {
						CreatedOnToolsVersion = 12.5;
					};
					FC80896F265D7E7300CDA388 = {
						CreatedOnToolsVersion = 12.5;
						TestTargetID = FC80895E265D7E7200CDA388;
					};
					FC80897A265D7E7300CDA388 = {
						CreatedOnToolsVersion = 12.5;
						TestTargetID = FC80895E265D7E7200CDA388;
					};
				};
			};
			buildConfigurationList = FC80895A265D7E7200CDA388 /* Build configuration list for PBXProject "Cards" */;
			compatibilityVersion = "Xcode 9.3";
			developmentRegion = en;
			hasScannedForEncodings = 0;
			knownRegions = (
				en,
				Base,
			);
			mainGroup = FC808956265D7E7200CDA388;
			productRefGroup = FC808960265D7E7200CDA388 /* Products */;
			projectDirPath = "";
			projectRoot = "";
			targets = (
				FC80895E265D7E7200CDA388 /* Cards */,
				FC80896F265D7E7300CDA388 /* CardsTests */,
				FC80897A265D7E7300CDA388 /* CardsUITests */,
			);
		};
/* End PBXProject section */

/* Begin PBXResourcesBuildPhase section */
		FC80895D265D7E7200CDA388 /* Resources */ = {
			isa = PBXResourcesBuildPhase;
			buildActionMask = 2147483647;
			files = (
				FC80896A265D7E7300CDA388 /* Preview Assets.xcassets in Resources */,
				FC808967265D7E7300CDA388 /* Assets.xcassets in Resources */,
			);
			runOnlyForDeploymentPostprocessing = 0;
		};
		FC80896E265D7E7300CDA388 /* Resources */ = {
			isa = PBXResourcesBuildPhase;
			buildActionMask = 2147483647;
			files = (
			);
			runOnlyForDeploymentPostprocessing = 0;
		};
		FC808979265D7E7300CDA388 /* Resources */ = {
			isa = PBXResourcesBuildPhase;
			buildActionMask = 2147483647;
			files = (
			);
			runOnlyForDeploymentPostprocessing = 0;
		};
/* End PBXResourcesBuildPhase section */

/* Begin PBXSourcesBuildPhase section */
		FC80895B265D7E7200CDA388 /* Sources */ = {
			isa = PBXSourcesBuildPhase;
			buildActionMask = 2147483647;
			files = (
				FC808965265D7E7200CDA388 /* ContentView.swift in Sources */,
				FC808963265D7E7200CDA388 /* CardsApp.swift in Sources */,
			);
			runOnlyForDeploymentPostprocessing = 0;
		};
		FC80896C265D7E7300CDA388 /* Sources */ = {
			isa = PBXSourcesBuildPhase;
			buildActionMask = 2147483647;
			files = (
				FC808975265D7E7300CDA388 /* CardsTests.swift in Sources */,
			);
			runOnlyForDeploymentPostprocessing = 0;
		};
		FC808977265D7E7300CDA388 /* Sources */ = {
			isa = PBXSourcesBuildPhase;
			buildActionMask = 2147483647;
			files = (
				FC808980265D7E7300CDA388 /* CardsUITests.swift in Sources */,
			);
			runOnlyForDeploymentPostprocessing = 0;
		};
/* End PBXSourcesBuildPhase section */

/* Begin PBXTargetDependency section */
		FC808972265D7E7300CDA388 /* PBXTargetDependency */ = {
			isa = PBXTargetDependency;
			target = FC80895E265D7E7200CDA388 /* Cards */;
			targetProxy = FC808971265D7E7300CDA388 /* PBXContainerItemProxy */;
		};
		FC80897D265D7E7300CDA388 /* PBXTargetDependency */ = {
			isa = PBXTargetDependency;
			target = FC80895E265D7E7200CDA388 /* Cards */;
			targetProxy = FC80897C265D7E7300CDA388 /* PBXContainerItemProxy */;
		};
/* End PBXTargetDependency section */

/* Begin XCBuildConfiguration section */
		FC808982265D7E7300CDA388 /* Debug */ = {
			isa = XCBuildConfiguration;
			buildSettings = {
				ALWAYS_SEARCH_USER_PATHS = NO;
				CLANG_ANALYZER_NONNULL = YES;
				CLANG_ANALYZER_NUMBER_OBJECT_CONVERSION = YES_AGGRESSIVE;
				CLANG_CXX_LANGUAGE_STANDARD = "gnu++14";
				CLANG_CXX_LIBRARY = "libc++";
				CLANG_ENABLE_MODULES = YES;
				CLANG_ENABLE_OBJC_ARC = YES;
				CLANG_ENABLE_OBJC_WEAK = YES;
				CLANG_WARN_BLOCK_CAPTURE_AUTORELEASING = YES;
				CLANG_WARN_BOOL_CONVERSION = YES;
				CLANG_WARN_COMMA = YES;
				CLANG_WARN_CONSTANT_CONVERSION = YES;
				CLANG_WARN_DEPRECATED_OBJC_IMPLEMENTATIONS = YES;
				CLANG_WARN_DIRECT_OBJC_ISA_USAGE = YES_ERROR;
				CLANG_WARN_DOCUMENTATION_COMMENTS = YES;
				CLANG_WARN_EMPTY_BODY = YES;
				CLANG_WARN_ENUM_CONVERSION = YES;
				CLANG_WARN_INFINITE_RECURSION = YES;
				CLANG_WARN_INT_CONVERSION = YES;
				CLANG_WARN_NON_LITERAL_NULL_CONVERSION = YES;
				CLANG_WARN_OBJC_IMPLICIT_RETAIN_SELF = YES;
				CLANG_WARN_OBJC_LITERAL_CONVERSION = YES;
				CLANG_WARN_OBJC_ROOT_CLASS = YES_ERROR;
				CLANG_WARN_QUOTED_INCLUDE_IN_FRAMEWORK_HEADER = YES;
				CLANG_WARN_RANGE_LOOP_ANALYSIS = YES;
				CLANG_WARN_STRICT_PROTOTYPES = YES;
				CLANG_WARN_SUSPICIOUS_MOVE = YES;
				CLANG_WARN_UNGUARDED_AVAILABILITY = YES_AGGRESSIVE;
				CLANG_WARN_UNREACHABLE_CODE = YES;
				CLANG_WARN__DUPLICATE_METHOD_MATCH = YES;
				COPY_PHASE_STRIP = NO;
				DEBUG_INFORMATION_FORMAT = dwarf;
				ENABLE_STRICT_OBJC_MSGSEND = YES;
				ENABLE_TESTABILITY = YES;
				GCC_C_LANGUAGE_STANDARD = gnu11;
				GCC_DYNAMIC_NO_PIC = NO;
				GCC_NO_COMMON_BLOCKS = YES;
				GCC_OPTIMIZATION_LEVEL = 0;
				GCC_PREPROCESSOR_DEFINITIONS = (
					"DEBUG=1",
					"$(inherited)",
				);
				GCC_WARN_64_TO_32_BIT_CONVERSION = YES;
				GCC_WARN_ABOUT_RETURN_TYPE = YES_ERROR;
				GCC_WARN_UNDECLARED_SELECTOR = YES;
				GCC_WARN_UNINITIALIZED_AUTOS = YES_AGGRESSIVE;
				GCC_WARN_UNUSED_FUNCTION = YES;
				GCC_WARN_UNUSED_VARIABLE = YES;
				IPHONEOS_DEPLOYMENT_TARGET = 14.5;
				MTL_ENABLE_DEBUG_INFO = INCLUDE_SOURCE;
				MTL_FAST_MATH = YES;
				ONLY_ACTIVE_ARCH = YES;
				SDKROOT = iphoneos;
				SWIFT_ACTIVE_COMPILATION_CONDITIONS = DEBUG;
				SWIFT_OPTIMIZATION_LEVEL = "-Onone";
			};
			name = Debug;
		};
		FC808983265D7E7300CDA388 /* Release */ = {
			isa = XCBuildConfiguration;
			buildSettings = {
				ALWAYS_SEARCH_USER_PATHS = NO;
				CLANG_ANALYZER_NONNULL = YES;
				CLANG_ANALYZER_NUMBER_OBJECT_CONVERSION = YES_AGGRESSIVE;
				CLANG_CXX_LANGUAGE_STANDARD = "gnu++14";
				CLANG_CXX_LIBRARY = "libc++";
				CLANG_ENABLE_MODULES = YES;
				CLANG_ENABLE_OBJC_ARC = YES;
				CLANG_ENABLE_OBJC_WEAK = YES;
				CLANG_WARN_BLOCK_CAPTURE_AUTORELEASING = YES;
				CLANG_WARN_BOOL_CONVERSION = YES;
				CLANG_WARN_COMMA = YES;
				CLANG_WARN_CONSTANT_CONVERSION = YES;
				CLANG_WARN_DEPRECATED_OBJC_IMPLEMENTATIONS = YES;
				CLANG_WARN_DIRECT_OBJC_ISA_USAGE = YES_ERROR;
				CLANG_WARN_DOCUMENTATION_COMMENTS = YES;
				CLANG_WARN_EMPTY_BODY = YES;
				CLANG_WARN_ENUM_CONVERSION = YES;
				CLANG_WARN_INFINITE_RECURSION = YES;
				CLANG_WARN_INT_CONVERSION = YES;
				CLANG_WARN_NON_LITERAL_NULL_CONVERSION = YES;
				CLANG_WARN_OBJC_IMPLICIT_RETAIN_SELF = YES;
				CLANG_WARN_OBJC_LITERAL_CONVERSION = YES;
				CLANG_WARN_OBJC_ROOT_CLASS = YES_ERROR;
				CLANG_WARN_QUOTED_INCLUDE_IN_FRAMEWORK_HEADER = YES;
				CLANG_WARN_RANGE_LOOP_ANALYSIS = YES;
				CLANG_WARN_STRICT_PROTOTYPES = YES;
				CLANG_WARN_SUSPICIOUS_MOVE = YES;
				CLANG_WARN_UNGUARDED_AVAILABILITY = YES_AGGRESSIVE;
				CLANG_WARN_UNREACHABLE_CODE = YES;
				CLANG_WARN__DUPLICATE_METHOD_MATCH = YES;
				COPY_PHASE_STRIP = NO;
				DEBUG_INFORMATION_FORMAT = "dwarf-with-dsym";
				ENABLE_NS_ASSERTIONS = NO;
				ENABLE_STRICT_OBJC_MSGSEND = YES;
				GCC_C_LANGUAGE_STANDARD = gnu11;
				GCC_NO_COMMON_BLOCKS = YES;
				GCC_WARN_64_TO_32_BIT_CONVERSION = YES;
				GCC_WARN_ABOUT_RETURN_TYPE = YES_ERROR;
				GCC_WARN_UNDECLARED_SELECTOR = YES;
				GCC_WARN_UNINITIALIZED_AUTOS = YES_AGGRESSIVE;
				GCC_WARN_UNUSED_FUNCTION = YES;
				GCC_WARN_UNUSED_VARIABLE = YES;
				IPHONEOS_DEPLOYMENT_TARGET = 14.5;
				MTL_ENABLE_DEBUG_INFO = NO;
				MTL_FAST_MATH = YES;
				SDKROOT = iphoneos;
				SWIFT_COMPILATION_MODE = wholemodule;
				SWIFT_OPTIMIZATION_LEVEL = "-O";
				VALIDATE_PRODUCT = YES;
			};
			name = Release;
		};
		FC808985265D7E7300CDA388 /* Debug */ = {
			isa = XCBuildConfiguration;
			buildSettings = {
				ASSETCATALOG_COMPILER_APPICON_NAME = AppIcon;
				ASSETCATALOG_COMPILER_GLOBAL_ACCENT_COLOR_NAME = AccentColor;
				CODE_SIGN_STYLE = Automatic;
				DEVELOPMENT_ASSET_PATHS = "\"Cards/Preview Content\"";
				DEVELOPMENT_TEAM = DBK476475Y;
				ENABLE_PREVIEWS = YES;
				INFOPLIST_FILE = Cards/Info.plist;
				IPHONEOS_DEPLOYMENT_TARGET = 14.0;
				LD_RUNPATH_SEARCH_PATHS = (
					"$(inherited)",
					"@executable_path/Frameworks",
				);
				PRODUCT_BUNDLE_IDENTIFIER = com.lukevanin.Cards;
				PRODUCT_NAME = "$(TARGET_NAME)";
				SWIFT_VERSION = 5.0;
				TARGETED_DEVICE_FAMILY = "1,2";
			};
			name = Debug;
		};
		FC808986265D7E7300CDA388 /* Release */ = {
			isa = XCBuildConfiguration;
			buildSettings = {
				ASSETCATALOG_COMPILER_APPICON_NAME = AppIcon;
				ASSETCATALOG_COMPILER_GLOBAL_ACCENT_COLOR_NAME = AccentColor;
				CODE_SIGN_STYLE = Automatic;
				DEVELOPMENT_ASSET_PATHS = "\"Cards/Preview Content\"";
				DEVELOPMENT_TEAM = DBK476475Y;
				ENABLE_PREVIEWS = YES;
				INFOPLIST_FILE = Cards/Info.plist;
				IPHONEOS_DEPLOYMENT_TARGET = 14.0;
				LD_RUNPATH_SEARCH_PATHS = (
					"$(inherited)",
					"@executable_path/Frameworks",
				);
				PRODUCT_BUNDLE_IDENTIFIER = com.lukevanin.Cards;
				PRODUCT_NAME = "$(TARGET_NAME)";
				SWIFT_VERSION = 5.0;
				TARGETED_DEVICE_FAMILY = "1,2";
			};
			name = Release;
		};
		FC808988265D7E7300CDA388 /* Debug */ = {
			isa = XCBuildConfiguration;
			buildSettings = {
				ALWAYS_EMBED_SWIFT_STANDARD_LIBRARIES = YES;
				BUNDLE_LOADER = "$(TEST_HOST)";
				CODE_SIGN_STYLE = Automatic;
				DEVELOPMENT_TEAM = DBK476475Y;
				INFOPLIST_FILE = CardsTests/Info.plist;
				IPHONEOS_DEPLOYMENT_TARGET = 14.0;
				LD_RUNPATH_SEARCH_PATHS = (
					"$(inherited)",
					"@executable_path/Frameworks",
					"@loader_path/Frameworks",
				);
				PRODUCT_BUNDLE_IDENTIFIER = com.lukevanin.CardsTests;
				PRODUCT_NAME = "$(TARGET_NAME)";
				SWIFT_VERSION = 5.0;
				TARGETED_DEVICE_FAMILY = "1,2";
				TEST_HOST = "$(BUILT_PRODUCTS_DIR)/Cards.app/Cards";
			};
			name = Debug;
		};
		FC808989265D7E7300CDA388 /* Release */ = {
			isa = XCBuildConfiguration;
			buildSettings = {
				ALWAYS_EMBED_SWIFT_STANDARD_LIBRARIES = YES;
				BUNDLE_LOADER = "$(TEST_HOST)";
				CODE_SIGN_STYLE = Automatic;
				DEVELOPMENT_TEAM = DBK476475Y;
				INFOPLIST_FILE = CardsTests/Info.plist;
				IPHONEOS_DEPLOYMENT_TARGET = 14.0;
				LD_RUNPATH_SEARCH_PATHS = (
					"$(inherited)",
					"@executable_path/Frameworks",
					"@loader_path/Frameworks",
				);
				PRODUCT_BUNDLE_IDENTIFIER = com.lukevanin.CardsTests;
				PRODUCT_NAME = "$(TARGET_NAME)";
				SWIFT_VERSION = 5.0;
				TARGETED_DEVICE_FAMILY = "1,2";
				TEST_HOST = "$(BUILT_PRODUCTS_DIR)/Cards.app/Cards";
			};
			name = Release;
		};
		FC80898B265D7E7300CDA388 /* Debug */ = {
			isa = XCBuildConfiguration;
			buildSettings = {
				ALWAYS_EMBED_SWIFT_STANDARD_LIBRARIES = YES;
				CODE_SIGN_STYLE = Automatic;
				DEVELOPMENT_TEAM = DBK476475Y;
				INFOPLIST_FILE = CardsUITests/Info.plist;
				LD_RUNPATH_SEARCH_PATHS = (
					"$(inherited)",
					"@executable_path/Frameworks",
					"@loader_path/Frameworks",
				);
				PRODUCT_BUNDLE_IDENTIFIER = com.lukevanin.CardsUITests;
				PRODUCT_NAME = "$(TARGET_NAME)";
				SWIFT_VERSION = 5.0;
				TARGETED_DEVICE_FAMILY = "1,2";
				TEST_TARGET_NAME = Cards;
			};
			name = Debug;
		};
		FC80898C265D7E7300CDA388 /* Release */ = {
			isa = XCBuildConfiguration;
			buildSettings = {
				ALWAYS_EMBED_SWIFT_STANDARD_LIBRARIES = YES;
				CODE_SIGN_STYLE = Automatic;
				DEVELOPMENT_TEAM = DBK476475Y;
				INFOPLIST_FILE = CardsUITests/Info.plist;
				LD_RUNPATH_SEARCH_PATHS = (
					"$(inherited)",
					"@executable_path/Frameworks",
					"@loader_path/Frameworks",
				);
				PRODUCT_BUNDLE_IDENTIFIER = com.lukevanin.CardsUITests;
				PRODUCT_NAME = "$(TARGET_NAME)";
				SWIFT_VERSION = 5.0;
				TARGETED_DEVICE_FAMILY = "1,2";
				TEST_TARGET_NAME = Cards;
			};
			name = Release;
		};
/* End XCBuildConfiguration section */

/* Begin XCConfigurationList section */
		FC80895A265D7E7200CDA388 /* Build configuration list for PBXProject "Cards" */ = {
			isa = XCConfigurationList;
			buildConfigurations = (
				FC808982265D7E7300CDA388 /* Debug */,
				FC808983265D7E7300CDA388 /* Release */,
			);
			defaultConfigurationIsVisible = 0;
			defaultConfigurationName = Release;
		};
		FC808984265D7E7300CDA388 /* Build configuration list for PBXNativeTarget "Cards" */ = {
			isa = XCConfigurationList;
			buildConfigurations = (
				FC808985265D7E7300CDA388 /* Debug */,
				FC808986265D7E7300CDA388 /* Release */,
			);
			defaultConfigurationIsVisible = 0;
			defaultConfigurationName = Release;
		};
		FC808987265D7E7300CDA388 /* Build configuration list for PBXNativeTarget "CardsTests" */ = {
			isa = XCConfigurationList;
			buildConfigurations = (
				FC808988265D7E7300CDA388 /* Debug */,
				FC808989265D7E7300CDA388 /* Release */,
			);
			defaultConfigurationIsVisible = 0;
			defaultConfigurationName = Release;
		};
		FC80898A265D7E7300CDA388 /* Build configuration list for PBXNativeTarget "CardsUITests" */ = {
			isa = XCConfigurationList;
			buildConfigurations = (
				FC80898B265D7E7300CDA388 /* Debug */,
				FC80898C265D7E7300CDA388 /* Release */,
			);
			defaultConfigurationIsVisible = 0;
			defaultConfigurationName = Release;
		};
/* End XCConfigurationList section */
	};
	rootObject = FC808957265D7E7200CDA388 /* Project object */;
}
